// !$*UTF8*$!
{
	archiveVersion = 1;
	classes = {
	};
	objectVersion = 46;
	objects = {

/* Begin PBXBuildFile section */
		D658D0C21B6C75580097FC0D /* main.m in Sources */ = {isa = PBXBuildFile; fileRef = D658D0C11B6C75580097FC0D /* main.m */; };
		D658D0C51B6C75580097FC0D /* AppDelegate.m in Sources */ = {isa = PBXBuildFile; fileRef = D658D0C41B6C75580097FC0D /* AppDelegate.m */; };
		D658D0C81B6C75580097FC0D /* HomeViewController.m in Sources */ = {isa = PBXBuildFile; fileRef = D658D0C71B6C75580097FC0D /* HomeViewController.m */; };
		D658D0CB1B6C75580097FC0D /* MeViewController.m in Sources */ = {isa = PBXBuildFile; fileRef = D658D0CA1B6C75580097FC0D /* MeViewController.m */; };
		D658D0CE1B6C75580097FC0D /* Main.storyboard in Resources */ = {isa = PBXBuildFile; fileRef = D658D0CC1B6C75580097FC0D /* Main.storyboard */; };
		D658D0D01B6C75580097FC0D /* Images.xcassets in Resources */ = {isa = PBXBuildFile; fileRef = D658D0CF1B6C75580097FC0D /* Images.xcassets */; };
		D658D0D31B6C75580097FC0D /* LaunchScreen.xib in Resources */ = {isa = PBXBuildFile; fileRef = D658D0D11B6C75580097FC0D /* LaunchScreen.xib */; };
		D658D0DF1B6C75580097FC0D /* QiPinCheClientTests.m in Sources */ = {isa = PBXBuildFile; fileRef = D658D0DE1B6C75580097FC0D /* QiPinCheClientTests.m */; };
		D658D0EB1B6C80C70097FC0D /* 返回.png in Resources */ = {isa = PBXBuildFile; fileRef = D658D0EA1B6C80C70097FC0D /* 返回.png */; };
		D658D0F01B6C878D0097FC0D /* LoginViewController.m in Sources */ = {isa = PBXBuildFile; fileRef = D658D0EF1B6C878D0097FC0D /* LoginViewController.m */; };
		D658D0F31B6C87A20097FC0D /* RegisterViewController.m in Sources */ = {isa = PBXBuildFile; fileRef = D658D0F21B6C87A20097FC0D /* RegisterViewController.m */; };
		D658D0F51B6C89810097FC0D /* User.storyboard in Resources */ = {isa = PBXBuildFile; fileRef = D658D0F41B6C89810097FC0D /* User.storyboard */; };
		D658D0F91B6C99E90097FC0D /* ScreenSwitch.m in Sources */ = {isa = PBXBuildFile; fileRef = D658D0F81B6C99E90097FC0D /* ScreenSwitch.m */; };
		D658D0FF1B6CC2330097FC0D /* CFNetwork.framework in Frameworks */ = {isa = PBXBuildFile; fileRef = D658D0FE1B6CC2330097FC0D /* CFNetwork.framework */; };
		D658D1011B6CC2420097FC0D /* SystemConfiguration.framework in Frameworks */ = {isa = PBXBuildFile; fileRef = D658D1001B6CC2420097FC0D /* SystemConfiguration.framework */; };
		D658D1031B6CC24A0097FC0D /* Security.framework in Frameworks */ = {isa = PBXBuildFile; fileRef = D658D1021B6CC24A0097FC0D /* Security.framework */; };
		D658D1051B6CC63A0097FC0D /* ImageIO.framework in Frameworks */ = {isa = PBXBuildFile; fileRef = D658D1041B6CC63A0097FC0D /* ImageIO.framework */; };
		D658D11F1B6CCD670097FC0D /* NSAlert+MKNetworkKitAdditions.m in Sources */ = {isa = PBXBuildFile; fileRef = D658D10A1B6CCD660097FC0D /* NSAlert+MKNetworkKitAdditions.m */; };
		D658D1201B6CCD670097FC0D /* NSData+MKBase64.m in Sources */ = {isa = PBXBuildFile; fileRef = D658D10C1B6CCD660097FC0D /* NSData+MKBase64.m */; };
		D658D1211B6CCD670097FC0D /* NSDate+RFC1123.m in Sources */ = {isa = PBXBuildFile; fileRef = D658D10E1B6CCD660097FC0D /* NSDate+RFC1123.m */; };
		D658D1221B6CCD670097FC0D /* NSDictionary+RequestEncoding.m in Sources */ = {isa = PBXBuildFile; fileRef = D658D1101B6CCD670097FC0D /* NSDictionary+RequestEncoding.m */; };
		D658D1231B6CCD670097FC0D /* NSString+MKNetworkKitAdditions.m in Sources */ = {isa = PBXBuildFile; fileRef = D658D1121B6CCD670097FC0D /* NSString+MKNetworkKitAdditions.m */; };
		D658D1241B6CCD670097FC0D /* UIAlertView+MKNetworkKitAdditions.m in Sources */ = {isa = PBXBuildFile; fileRef = D658D1141B6CCD670097FC0D /* UIAlertView+MKNetworkKitAdditions.m */; };
		D658D1251B6CCD670097FC0D /* UIImageView+MKNetworkKitAdditions.m in Sources */ = {isa = PBXBuildFile; fileRef = D658D1161B6CCD670097FC0D /* UIImageView+MKNetworkKitAdditions.m */; };
		D658D1261B6CCD670097FC0D /* MKNetworkEngine.m in Sources */ = {isa = PBXBuildFile; fileRef = D658D1181B6CCD670097FC0D /* MKNetworkEngine.m */; };
		D658D1271B6CCD670097FC0D /* MKNetworkOperation.m in Sources */ = {isa = PBXBuildFile; fileRef = D658D11B1B6CCD670097FC0D /* MKNetworkOperation.m */; };
		D658D1281B6CCD670097FC0D /* Reachability.m in Sources */ = {isa = PBXBuildFile; fileRef = D658D11E1B6CCD670097FC0D /* Reachability.m */; };
		D68EC1D61B6DB60000ACE019 /* HttpEngine.m in Sources */ = {isa = PBXBuildFile; fileRef = D68EC1D51B6DB60000ACE019 /* HttpEngine.m */; };
/* End PBXBuildFile section */

/* Begin PBXContainerItemProxy section */
		D658D0D91B6C75580097FC0D /* PBXContainerItemProxy */ = {
			isa = PBXContainerItemProxy;
			containerPortal = D658D0B41B6C75580097FC0D /* Project object */;
			proxyType = 1;
			remoteGlobalIDString = D658D0BB1B6C75580097FC0D;
			remoteInfo = QiPinCheClient;
		};
/* End PBXContainerItemProxy section */

/* Begin PBXFileReference section */
		D658D0BC1B6C75580097FC0D /* QiPinCheClient.app */ = {isa = PBXFileReference; explicitFileType = wrapper.application; includeInIndex = 0; path = QiPinCheClient.app; sourceTree = BUILT_PRODUCTS_DIR; };
		D658D0C01B6C75580097FC0D /* Info.plist */ = {isa = PBXFileReference; lastKnownFileType = text.plist.xml; path = Info.plist; sourceTree = "<group>"; };
		D658D0C11B6C75580097FC0D /* main.m */ = {isa = PBXFileReference; lastKnownFileType = sourcecode.c.objc; path = main.m; sourceTree = "<group>"; };
		D658D0C31B6C75580097FC0D /* AppDelegate.h */ = {isa = PBXFileReference; lastKnownFileType = sourcecode.c.h; path = AppDelegate.h; sourceTree = "<group>"; };
		D658D0C41B6C75580097FC0D /* AppDelegate.m */ = {isa = PBXFileReference; lastKnownFileType = sourcecode.c.objc; path = AppDelegate.m; sourceTree = "<group>"; };
		D658D0C61B6C75580097FC0D /* HomeViewController.h */ = {isa = PBXFileReference; lastKnownFileType = sourcecode.c.h; path = HomeViewController.h; sourceTree = "<group>"; };
		D658D0C71B6C75580097FC0D /* HomeViewController.m */ = {isa = PBXFileReference; lastKnownFileType = sourcecode.c.objc; path = HomeViewController.m; sourceTree = "<group>"; };
		D658D0C91B6C75580097FC0D /* MeViewController.h */ = {isa = PBXFileReference; lastKnownFileType = sourcecode.c.h; path = MeViewController.h; sourceTree = "<group>"; };
		D658D0CA1B6C75580097FC0D /* MeViewController.m */ = {isa = PBXFileReference; lastKnownFileType = sourcecode.c.objc; path = MeViewController.m; sourceTree = "<group>"; };
		D658D0CD1B6C75580097FC0D /* Base */ = {isa = PBXFileReference; lastKnownFileType = file.storyboard; name = Base; path = Base.lproj/Main.storyboard; sourceTree = "<group>"; };
		D658D0CF1B6C75580097FC0D /* Images.xcassets */ = {isa = PBXFileReference; lastKnownFileType = folder.assetcatalog; path = Images.xcassets; sourceTree = "<group>"; };
		D658D0D21B6C75580097FC0D /* Base */ = {isa = PBXFileReference; lastKnownFileType = file.xib; name = Base; path = Base.lproj/LaunchScreen.xib; sourceTree = "<group>"; };
		D658D0D81B6C75580097FC0D /* QiPinCheClientTests.xctest */ = {isa = PBXFileReference; explicitFileType = wrapper.cfbundle; includeInIndex = 0; path = QiPinCheClientTests.xctest; sourceTree = BUILT_PRODUCTS_DIR; };
		D658D0DD1B6C75580097FC0D /* Info.plist */ = {isa = PBXFileReference; lastKnownFileType = text.plist.xml; path = Info.plist; sourceTree = "<group>"; };
		D658D0DE1B6C75580097FC0D /* QiPinCheClientTests.m */ = {isa = PBXFileReference; lastKnownFileType = sourcecode.c.objc; path = QiPinCheClientTests.m; sourceTree = "<group>"; };
		D658D0EA1B6C80C70097FC0D /* 返回.png */ = {isa = PBXFileReference; lastKnownFileType = image.png; path = "返回.png"; sourceTree = "<group>"; };
		D658D0EE1B6C878D0097FC0D /* LoginViewController.h */ = {isa = PBXFileReference; fileEncoding = 4; lastKnownFileType = sourcecode.c.h; path = LoginViewController.h; sourceTree = "<group>"; };
		D658D0EF1B6C878D0097FC0D /* LoginViewController.m */ = {isa = PBXFileReference; fileEncoding = 4; lastKnownFileType = sourcecode.c.objc; path = LoginViewController.m; sourceTree = "<group>"; };
		D658D0F11B6C87A20097FC0D /* RegisterViewController.h */ = {isa = PBXFileReference; fileEncoding = 4; lastKnownFileType = sourcecode.c.h; path = RegisterViewController.h; sourceTree = "<group>"; };
		D658D0F21B6C87A20097FC0D /* RegisterViewController.m */ = {isa = PBXFileReference; fileEncoding = 4; lastKnownFileType = sourcecode.c.objc; path = RegisterViewController.m; sourceTree = "<group>"; };
		D658D0F41B6C89810097FC0D /* User.storyboard */ = {isa = PBXFileReference; fileEncoding = 4; lastKnownFileType = file.storyboard; path = User.storyboard; sourceTree = "<group>"; };
		D658D0F71B6C99E90097FC0D /* ScreenSwitch.h */ = {isa = PBXFileReference; fileEncoding = 4; lastKnownFileType = sourcecode.c.h; path = ScreenSwitch.h; sourceTree = "<group>"; };
		D658D0F81B6C99E90097FC0D /* ScreenSwitch.m */ = {isa = PBXFileReference; fileEncoding = 4; lastKnownFileType = sourcecode.c.objc; path = ScreenSwitch.m; sourceTree = "<group>"; };
		D658D0FE1B6CC2330097FC0D /* CFNetwork.framework */ = {isa = PBXFileReference; lastKnownFileType = wrapper.framework; name = CFNetwork.framework; path = System/Library/Frameworks/CFNetwork.framework; sourceTree = SDKROOT; };
		D658D1001B6CC2420097FC0D /* SystemConfiguration.framework */ = {isa = PBXFileReference; lastKnownFileType = wrapper.framework; name = SystemConfiguration.framework; path = System/Library/Frameworks/SystemConfiguration.framework; sourceTree = SDKROOT; };
		D658D1021B6CC24A0097FC0D /* Security.framework */ = {isa = PBXFileReference; lastKnownFileType = wrapper.framework; name = Security.framework; path = System/Library/Frameworks/Security.framework; sourceTree = SDKROOT; };
		D658D1041B6CC63A0097FC0D /* ImageIO.framework */ = {isa = PBXFileReference; lastKnownFileType = wrapper.framework; name = ImageIO.framework; path = System/Library/Frameworks/ImageIO.framework; sourceTree = SDKROOT; };
		D658D1061B6CC7FA0097FC0D /* PrefixHeader.pch */ = {isa = PBXFileReference; lastKnownFileType = sourcecode.c.h; name = PrefixHeader.pch; path = QiPinCheClient/PrefixHeader.pch; sourceTree = "<group>"; };
		D658D1091B6CCD660097FC0D /* NSAlert+MKNetworkKitAdditions.h */ = {isa = PBXFileReference; fileEncoding = 4; lastKnownFileType = sourcecode.c.h; path = "NSAlert+MKNetworkKitAdditions.h"; sourceTree = "<group>"; };
		D658D10A1B6CCD660097FC0D /* NSAlert+MKNetworkKitAdditions.m */ = {isa = PBXFileReference; fileEncoding = 4; lastKnownFileType = sourcecode.c.objc; path = "NSAlert+MKNetworkKitAdditions.m"; sourceTree = "<group>"; };
		D658D10B1B6CCD660097FC0D /* NSData+MKBase64.h */ = {isa = PBXFileReference; fileEncoding = 4; lastKnownFileType = sourcecode.c.h; path = "NSData+MKBase64.h"; sourceTree = "<group>"; };
		D658D10C1B6CCD660097FC0D /* NSData+MKBase64.m */ = {isa = PBXFileReference; fileEncoding = 4; lastKnownFileType = sourcecode.c.objc; path = "NSData+MKBase64.m"; sourceTree = "<group>"; };
		D658D10D1B6CCD660097FC0D /* NSDate+RFC1123.h */ = {isa = PBXFileReference; fileEncoding = 4; lastKnownFileType = sourcecode.c.h; path = "NSDate+RFC1123.h"; sourceTree = "<group>"; };
		D658D10E1B6CCD660097FC0D /* NSDate+RFC1123.m */ = {isa = PBXFileReference; fileEncoding = 4; lastKnownFileType = sourcecode.c.objc; path = "NSDate+RFC1123.m"; sourceTree = "<group>"; };
		D658D10F1B6CCD660097FC0D /* NSDictionary+RequestEncoding.h */ = {isa = PBXFileReference; fileEncoding = 4; lastKnownFileType = sourcecode.c.h; path = "NSDictionary+RequestEncoding.h"; sourceTree = "<group>"; };
		D658D1101B6CCD670097FC0D /* NSDictionary+RequestEncoding.m */ = {isa = PBXFileReference; fileEncoding = 4; lastKnownFileType = sourcecode.c.objc; path = "NSDictionary+RequestEncoding.m"; sourceTree = "<group>"; };
		D658D1111B6CCD670097FC0D /* NSString+MKNetworkKitAdditions.h */ = {isa = PBXFileReference; fileEncoding = 4; lastKnownFileType = sourcecode.c.h; path = "NSString+MKNetworkKitAdditions.h"; sourceTree = "<group>"; };
		D658D1121B6CCD670097FC0D /* NSString+MKNetworkKitAdditions.m */ = {isa = PBXFileReference; fileEncoding = 4; lastKnownFileType = sourcecode.c.objc; path = "NSString+MKNetworkKitAdditions.m"; sourceTree = "<group>"; };
		D658D1131B6CCD670097FC0D /* UIAlertView+MKNetworkKitAdditions.h */ = {isa = PBXFileReference; fileEncoding = 4; lastKnownFileType = sourcecode.c.h; path = "UIAlertView+MKNetworkKitAdditions.h"; sourceTree = "<group>"; };
		D658D1141B6CCD670097FC0D /* UIAlertView+MKNetworkKitAdditions.m */ = {isa = PBXFileReference; fileEncoding = 4; lastKnownFileType = sourcecode.c.objc; path = "UIAlertView+MKNetworkKitAdditions.m"; sourceTree = "<group>"; };
		D658D1151B6CCD670097FC0D /* UIImageView+MKNetworkKitAdditions.h */ = {isa = PBXFileReference; fileEncoding = 4; lastKnownFileType = sourcecode.c.h; path = "UIImageView+MKNetworkKitAdditions.h"; sourceTree = "<group>"; };
		D658D1161B6CCD670097FC0D /* UIImageView+MKNetworkKitAdditions.m */ = {isa = PBXFileReference; fileEncoding = 4; lastKnownFileType = sourcecode.c.objc; path = "UIImageView+MKNetworkKitAdditions.m"; sourceTree = "<group>"; };
		D658D1171B6CCD670097FC0D /* MKNetworkEngine.h */ = {isa = PBXFileReference; fileEncoding = 4; lastKnownFileType = sourcecode.c.h; path = MKNetworkEngine.h; sourceTree = "<group>"; };
		D658D1181B6CCD670097FC0D /* MKNetworkEngine.m */ = {isa = PBXFileReference; fileEncoding = 4; lastKnownFileType = sourcecode.c.objc; path = MKNetworkEngine.m; sourceTree = "<group>"; };
		D658D1191B6CCD670097FC0D /* MKNetworkKit.h */ = {isa = PBXFileReference; fileEncoding = 4; lastKnownFileType = sourcecode.c.h; path = MKNetworkKit.h; sourceTree = "<group>"; };
		D658D11A1B6CCD670097FC0D /* MKNetworkOperation.h */ = {isa = PBXFileReference; fileEncoding = 4; lastKnownFileType = sourcecode.c.h; path = MKNetworkOperation.h; sourceTree = "<group>"; };
		D658D11B1B6CCD670097FC0D /* MKNetworkOperation.m */ = {isa = PBXFileReference; fileEncoding = 4; lastKnownFileType = sourcecode.c.objc; path = MKNetworkOperation.m; sourceTree = "<group>"; };
		D658D11D1B6CCD670097FC0D /* Reachability.h */ = {isa = PBXFileReference; fileEncoding = 4; lastKnownFileType = sourcecode.c.h; path = Reachability.h; sourceTree = "<group>"; };
		D658D11E1B6CCD670097FC0D /* Reachability.m */ = {isa = PBXFileReference; fileEncoding = 4; lastKnownFileType = sourcecode.c.objc; path = Reachability.m; sourceTree = "<group>"; };
		D68EC1D41B6DB60000ACE019 /* HttpEngine.h */ = {isa = PBXFileReference; fileEncoding = 4; lastKnownFileType = sourcecode.c.h; path = HttpEngine.h; sourceTree = "<group>"; };
		D68EC1D51B6DB60000ACE019 /* HttpEngine.m */ = {isa = PBXFileReference; fileEncoding = 4; lastKnownFileType = sourcecode.c.objc; path = HttpEngine.m; sourceTree = "<group>"; };
/* End PBXFileReference section */

/* Begin PBXFrameworksBuildPhase section */
		D658D0B91B6C75580097FC0D /* Frameworks */ = {
			isa = PBXFrameworksBuildPhase;
			buildActionMask = 2147483647;
			files = (
				D658D1051B6CC63A0097FC0D /* ImageIO.framework in Frameworks */,
				D658D1031B6CC24A0097FC0D /* Security.framework in Frameworks */,
				D658D1011B6CC2420097FC0D /* SystemConfiguration.framework in Frameworks */,
				D658D0FF1B6CC2330097FC0D /* CFNetwork.framework in Frameworks */,
			);
			runOnlyForDeploymentPostprocessing = 0;
		};
		D658D0D51B6C75580097FC0D /* Frameworks */ = {
			isa = PBXFrameworksBuildPhase;
			buildActionMask = 2147483647;
			files = (
			);
			runOnlyForDeploymentPostprocessing = 0;
		};
/* End PBXFrameworksBuildPhase section */

/* Begin PBXGroup section */
		D658D0B31B6C75580097FC0D = {
			isa = PBXGroup;
			children = (
				D658D1071B6CCD660097FC0D /* MKNetworkKit */,
				D658D1061B6CC7FA0097FC0D /* PrefixHeader.pch */,
				D658D1041B6CC63A0097FC0D /* ImageIO.framework */,
				D658D1021B6CC24A0097FC0D /* Security.framework */,
				D658D1001B6CC2420097FC0D /* SystemConfiguration.framework */,
				D658D0FE1B6CC2330097FC0D /* CFNetwork.framework */,
				D658D0BE1B6C75580097FC0D /* QiPinCheClient */,
				D658D0DB1B6C75580097FC0D /* QiPinCheClientTests */,
				D658D0BD1B6C75580097FC0D /* Products */,
			);
			sourceTree = "<group>";
		};
		D658D0BD1B6C75580097FC0D /* Products */ = {
			isa = PBXGroup;
			children = (
				D658D0BC1B6C75580097FC0D /* QiPinCheClient.app */,
				D658D0D81B6C75580097FC0D /* QiPinCheClientTests.xctest */,
			);
			name = Products;
			sourceTree = "<group>";
		};
		D658D0BE1B6C75580097FC0D /* QiPinCheClient */ = {
			isa = PBXGroup;
			children = (
				D658D0F61B6C99B30097FC0D /* Lib */,
				D658D0ED1B6C852A0097FC0D /* ViewController */,
				D658D0EC1B6C80DC0097FC0D /* image */,
				D658D0C31B6C75580097FC0D /* AppDelegate.h */,
				D658D0C41B6C75580097FC0D /* AppDelegate.m */,
				D658D0CC1B6C75580097FC0D /* Main.storyboard */,
				D658D0F41B6C89810097FC0D /* User.storyboard */,
				D658D0CF1B6C75580097FC0D /* Images.xcassets */,
				D658D0D11B6C75580097FC0D /* LaunchScreen.xib */,
				D658D0BF1B6C75580097FC0D /* Supporting Files */,
			);
			path = QiPinCheClient;
			sourceTree = "<group>";
		};
		D658D0BF1B6C75580097FC0D /* Supporting Files */ = {
			isa = PBXGroup;
			children = (
				D658D0C01B6C75580097FC0D /* Info.plist */,
				D658D0C11B6C75580097FC0D /* main.m */,
			);
			name = "Supporting Files";
			sourceTree = "<group>";
		};
		D658D0DB1B6C75580097FC0D /* QiPinCheClientTests */ = {
			isa = PBXGroup;
			children = (
				D658D0DE1B6C75580097FC0D /* QiPinCheClientTests.m */,
				D658D0DC1B6C75580097FC0D /* Supporting Files */,
			);
			path = QiPinCheClientTests;
			sourceTree = "<group>";
		};
		D658D0DC1B6C75580097FC0D /* Supporting Files */ = {
			isa = PBXGroup;
			children = (
				D658D0DD1B6C75580097FC0D /* Info.plist */,
			);
			name = "Supporting Files";
			sourceTree = "<group>";
		};
		D658D0EC1B6C80DC0097FC0D /* image */ = {
			isa = PBXGroup;
			children = (
				D658D0EA1B6C80C70097FC0D /* 返回.png */,
			);
			name = image;
			sourceTree = "<group>";
		};
		D658D0ED1B6C852A0097FC0D /* ViewController */ = {
			isa = PBXGroup;
			children = (
				D658D0C61B6C75580097FC0D /* HomeViewController.h */,
				D658D0C71B6C75580097FC0D /* HomeViewController.m */,
				D658D0C91B6C75580097FC0D /* MeViewController.h */,
				D658D0CA1B6C75580097FC0D /* MeViewController.m */,
				D658D0EE1B6C878D0097FC0D /* LoginViewController.h */,
				D658D0EF1B6C878D0097FC0D /* LoginViewController.m */,
				D658D0F11B6C87A20097FC0D /* RegisterViewController.h */,
				D658D0F21B6C87A20097FC0D /* RegisterViewController.m */,
			);
			name = ViewController;
			sourceTree = "<group>";
		};
		D658D0F61B6C99B30097FC0D /* Lib */ = {
			isa = PBXGroup;
			children = (
				D658D0F71B6C99E90097FC0D /* ScreenSwitch.h */,
				D658D0F81B6C99E90097FC0D /* ScreenSwitch.m */,
				D68EC1D41B6DB60000ACE019 /* HttpEngine.h */,
				D68EC1D51B6DB60000ACE019 /* HttpEngine.m */,
			);
			name = Lib;
			sourceTree = "<group>";
		};
		D658D1071B6CCD660097FC0D /* MKNetworkKit */ = {
			isa = PBXGroup;
			children = (
				D658D1081B6CCD660097FC0D /* Categories */,
				D658D1171B6CCD670097FC0D /* MKNetworkEngine.h */,
				D658D1181B6CCD670097FC0D /* MKNetworkEngine.m */,
				D658D1191B6CCD670097FC0D /* MKNetworkKit.h */,
				D658D11A1B6CCD670097FC0D /* MKNetworkOperation.h */,
				D658D11B1B6CCD670097FC0D /* MKNetworkOperation.m */,
				D658D11C1B6CCD670097FC0D /* Reachability */,
			);
			path = MKNetworkKit;
			sourceTree = "<group>";
		};
		D658D1081B6CCD660097FC0D /* Categories */ = {
			isa = PBXGroup;
			children = (
				D658D1091B6CCD660097FC0D /* NSAlert+MKNetworkKitAdditions.h */,
				D658D10A1B6CCD660097FC0D /* NSAlert+MKNetworkKitAdditions.m */,
				D658D10B1B6CCD660097FC0D /* NSData+MKBase64.h */,
				D658D10C1B6CCD660097FC0D /* NSData+MKBase64.m */,
				D658D10D1B6CCD660097FC0D /* NSDate+RFC1123.h */,
				D658D10E1B6CCD660097FC0D /* NSDate+RFC1123.m */,
				D658D10F1B6CCD660097FC0D /* NSDictionary+RequestEncoding.h */,
				D658D1101B6CCD670097FC0D /* NSDictionary+RequestEncoding.m */,
				D658D1111B6CCD670097FC0D /* NSString+MKNetworkKitAdditions.h */,
				D658D1121B6CCD670097FC0D /* NSString+MKNetworkKitAdditions.m */,
				D658D1131B6CCD670097FC0D /* UIAlertView+MKNetworkKitAdditions.h */,
				D658D1141B6CCD670097FC0D /* UIAlertView+MKNetworkKitAdditions.m */,
				D658D1151B6CCD670097FC0D /* UIImageView+MKNetworkKitAdditions.h */,
				D658D1161B6CCD670097FC0D /* UIImageView+MKNetworkKitAdditions.m */,
			);
			path = Categories;
			sourceTree = "<group>";
		};
		D658D11C1B6CCD670097FC0D /* Reachability */ = {
			isa = PBXGroup;
			children = (
				D658D11D1B6CCD670097FC0D /* Reachability.h */,
				D658D11E1B6CCD670097FC0D /* Reachability.m */,
			);
			path = Reachability;
			sourceTree = "<group>";
		};
/* End PBXGroup section */

/* Begin PBXNativeTarget section */
		D658D0BB1B6C75580097FC0D /* QiPinCheClient */ = {
			isa = PBXNativeTarget;
			buildConfigurationList = D658D0E21B6C75580097FC0D /* Build configuration list for PBXNativeTarget "QiPinCheClient" */;
			buildPhases = (
				D658D0B81B6C75580097FC0D /* Sources */,
				D658D0B91B6C75580097FC0D /* Frameworks */,
				D658D0BA1B6C75580097FC0D /* Resources */,
			);
			buildRules = (
			);
			dependencies = (
			);
			name = QiPinCheClient;
			productName = QiPinCheClient;
			productReference = D658D0BC1B6C75580097FC0D /* QiPinCheClient.app */;
			productType = "com.apple.product-type.application";
		};
		D658D0D71B6C75580097FC0D /* QiPinCheClientTests */ = {
			isa = PBXNativeTarget;
			buildConfigurationList = D658D0E51B6C75580097FC0D /* Build configuration list for PBXNativeTarget "QiPinCheClientTests" */;
			buildPhases = (
				D658D0D41B6C75580097FC0D /* Sources */,
				D658D0D51B6C75580097FC0D /* Frameworks */,
				D658D0D61B6C75580097FC0D /* Resources */,
			);
			buildRules = (
			);
			dependencies = (
				D658D0DA1B6C75580097FC0D /* PBXTargetDependency */,
			);
			name = QiPinCheClientTests;
			productName = QiPinCheClientTests;
			productReference = D658D0D81B6C75580097FC0D /* QiPinCheClientTests.xctest */;
			productType = "com.apple.product-type.bundle.unit-test";
		};
/* End PBXNativeTarget section */

/* Begin PBXProject section */
		D658D0B41B6C75580097FC0D /* Project object */ = {
			isa = PBXProject;
			attributes = {
				LastUpgradeCheck = 0640;
				ORGANIZATIONNAME = QiPinChe;
				TargetAttributes = {
					D658D0BB1B6C75580097FC0D = {
						CreatedOnToolsVersion = 6.4;
					};
					D658D0D71B6C75580097FC0D = {
						CreatedOnToolsVersion = 6.4;
						TestTargetID = D658D0BB1B6C75580097FC0D;
					};
				};
			};
			buildConfigurationList = D658D0B71B6C75580097FC0D /* Build configuration list for PBXProject "QiPinCheClient" */;
			compatibilityVersion = "Xcode 3.2";
			developmentRegion = English;
			hasScannedForEncodings = 0;
			knownRegions = (
				en,
				Base,
			);
			mainGroup = D658D0B31B6C75580097FC0D;
			productRefGroup = D658D0BD1B6C75580097FC0D /* Products */;
			projectDirPath = "";
			projectRoot = "";
			targets = (
				D658D0BB1B6C75580097FC0D /* QiPinCheClient */,
				D658D0D71B6C75580097FC0D /* QiPinCheClientTests */,
			);
		};
/* End PBXProject section */

/* Begin PBXResourcesBuildPhase section */
		D658D0BA1B6C75580097FC0D /* Resources */ = {
			isa = PBXResourcesBuildPhase;
			buildActionMask = 2147483647;
			files = (
				D658D0CE1B6C75580097FC0D /* Main.storyboard in Resources */,
				D658D0F51B6C89810097FC0D /* User.storyboard in Resources */,
				D658D0D31B6C75580097FC0D /* LaunchScreen.xib in Resources */,
				D658D0D01B6C75580097FC0D /* Images.xcassets in Resources */,
				D658D0EB1B6C80C70097FC0D /* 返回.png in Resources */,
			);
			runOnlyForDeploymentPostprocessing = 0;
		};
		D658D0D61B6C75580097FC0D /* Resources */ = {
			isa = PBXResourcesBuildPhase;
			buildActionMask = 2147483647;
			files = (
			);
			runOnlyForDeploymentPostprocessing = 0;
		};
/* End PBXResourcesBuildPhase section */

/* Begin PBXSourcesBuildPhase section */
		D658D0B81B6C75580097FC0D /* Sources */ = {
			isa = PBXSourcesBuildPhase;
			buildActionMask = 2147483647;
			files = (
				D658D0CB1B6C75580097FC0D /* MeViewController.m in Sources */,
				D658D1261B6CCD670097FC0D /* MKNetworkEngine.m in Sources */,
				D658D1271B6CCD670097FC0D /* MKNetworkOperation.m in Sources */,
				D658D0F31B6C87A20097FC0D /* RegisterViewController.m in Sources */,
				D658D1201B6CCD670097FC0D /* NSData+MKBase64.m in Sources */,
				D658D1211B6CCD670097FC0D /* NSDate+RFC1123.m in Sources */,
				D658D0C51B6C75580097FC0D /* AppDelegate.m in Sources */,
				D658D0C81B6C75580097FC0D /* HomeViewController.m in Sources */,
				D658D1231B6CCD670097FC0D /* NSString+MKNetworkKitAdditions.m in Sources */,
				D658D0C21B6C75580097FC0D /* main.m in Sources */,
				D658D1241B6CCD670097FC0D /* UIAlertView+MKNetworkKitAdditions.m in Sources */,
				D68EC1D61B6DB60000ACE019 /* HttpEngine.m in Sources */,
				D658D0F91B6C99E90097FC0D /* ScreenSwitch.m in Sources */,
				D658D1251B6CCD670097FC0D /* UIImageView+MKNetworkKitAdditions.m in Sources */,
				D658D0F01B6C878D0097FC0D /* LoginViewController.m in Sources */,
				D658D1221B6CCD670097FC0D /* NSDictionary+RequestEncoding.m in Sources */,
				D658D11F1B6CCD670097FC0D /* NSAlert+MKNetworkKitAdditions.m in Sources */,
				D658D1281B6CCD670097FC0D /* Reachability.m in Sources */,
			);
			runOnlyForDeploymentPostprocessing = 0;
		};
		D658D0D41B6C75580097FC0D /* Sources */ = {
			isa = PBXSourcesBuildPhase;
			buildActionMask = 2147483647;
			files = (
				D658D0DF1B6C75580097FC0D /* QiPinCheClientTests.m in Sources */,
			);
			runOnlyForDeploymentPostprocessing = 0;
		};
/* End PBXSourcesBuildPhase section */

/* Begin PBXTargetDependency section */
		D658D0DA1B6C75580097FC0D /* PBXTargetDependency */ = {
			isa = PBXTargetDependency;
			target = D658D0BB1B6C75580097FC0D /* QiPinCheClient */;
			targetProxy = D658D0D91B6C75580097FC0D /* PBXContainerItemProxy */;
		};
/* End PBXTargetDependency section */

/* Begin PBXVariantGroup section */
		D658D0CC1B6C75580097FC0D /* Main.storyboard */ = {
			isa = PBXVariantGroup;
			children = (
				D658D0CD1B6C75580097FC0D /* Base */,
			);
			name = Main.storyboard;
			sourceTree = "<group>";
		};
		D658D0D11B6C75580097FC0D /* LaunchScreen.xib */ = {
			isa = PBXVariantGroup;
			children = (
				D658D0D21B6C75580097FC0D /* Base */,
			);
			name = LaunchScreen.xib;
			sourceTree = "<group>";
		};
/* End PBXVariantGroup section */

/* Begin XCBuildConfiguration section */
		D658D0E01B6C75580097FC0D /* Debug */ = {
			isa = XCBuildConfiguration;
			buildSettings = {
				ALWAYS_SEARCH_USER_PATHS = NO;
				CLANG_CXX_LANGUAGE_STANDARD = "gnu++0x";
				CLANG_CXX_LIBRARY = "libc++";
				CLANG_ENABLE_MODULES = YES;
				CLANG_ENABLE_OBJC_ARC = YES;
				CLANG_WARN_BOOL_CONVERSION = YES;
				CLANG_WARN_CONSTANT_CONVERSION = YES;
				CLANG_WARN_DIRECT_OBJC_ISA_USAGE = YES_ERROR;
				CLANG_WARN_EMPTY_BODY = YES;
				CLANG_WARN_ENUM_CONVERSION = YES;
				CLANG_WARN_INT_CONVERSION = YES;
				CLANG_WARN_OBJC_ROOT_CLASS = YES_ERROR;
				CLANG_WARN_UNREACHABLE_CODE = YES;
				CLANG_WARN__DUPLICATE_METHOD_MATCH = YES;
				"CODE_SIGN_IDENTITY[sdk=iphoneos*]" = "iPhone Developer";
				COPY_PHASE_STRIP = NO;
				DEBUG_INFORMATION_FORMAT = "dwarf-with-dsym";
				ENABLE_STRICT_OBJC_MSGSEND = YES;
				GCC_C_LANGUAGE_STANDARD = gnu99;
				GCC_DYNAMIC_NO_PIC = NO;
				GCC_NO_COMMON_BLOCKS = YES;
				GCC_OPTIMIZATION_LEVEL = 0;
				GCC_PREPROCESSOR_DEFINITIONS = (
					"DEBUG=1",
					"$(inherited)",
				);
				GCC_SYMBOLS_PRIVATE_EXTERN = NO;
				GCC_WARN_64_TO_32_BIT_CONVERSION = YES;
				GCC_WARN_ABOUT_RETURN_TYPE = YES_ERROR;
				GCC_WARN_UNDECLARED_SELECTOR = YES;
				GCC_WARN_UNINITIALIZED_AUTOS = YES_AGGRESSIVE;
				GCC_WARN_UNUSED_FUNCTION = YES;
				GCC_WARN_UNUSED_VARIABLE = YES;
				IPHONEOS_DEPLOYMENT_TARGET = 8.4;
				MTL_ENABLE_DEBUG_INFO = YES;
				ONLY_ACTIVE_ARCH = YES;
				SDKROOT = iphoneos;
				TARGETED_DEVICE_FAMILY = "1,2";
			};
			name = Debug;
		};
		D658D0E11B6C75580097FC0D /* Release */ = {
			isa = XCBuildConfiguration;
			buildSettings = {
				ALWAYS_SEARCH_USER_PATHS = NO;
				CLANG_CXX_LANGUAGE_STANDARD = "gnu++0x";
				CLANG_CXX_LIBRARY = "libc++";
				CLANG_ENABLE_MODULES = YES;
				CLANG_ENABLE_OBJC_ARC = YES;
				CLANG_WARN_BOOL_CONVERSION = YES;
				CLANG_WARN_CONSTANT_CONVERSION = YES;
				CLANG_WARN_DIRECT_OBJC_ISA_USAGE = YES_ERROR;
				CLANG_WARN_EMPTY_BODY = YES;
				CLANG_WARN_ENUM_CONVERSION = YES;
				CLANG_WARN_INT_CONVERSION = YES;
				CLANG_WARN_OBJC_ROOT_CLASS = YES_ERROR;
				CLANG_WARN_UNREACHABLE_CODE = YES;
				CLANG_WARN__DUPLICATE_METHOD_MATCH = YES;
				"CODE_SIGN_IDENTITY[sdk=iphoneos*]" = "iPhone Developer";
				COPY_PHASE_STRIP = NO;
				DEBUG_INFORMATION_FORMAT = "dwarf-with-dsym";
				ENABLE_NS_ASSERTIONS = NO;
				ENABLE_STRICT_OBJC_MSGSEND = YES;
				GCC_C_LANGUAGE_STANDARD = gnu99;
				GCC_NO_COMMON_BLOCKS = YES;
				GCC_WARN_64_TO_32_BIT_CONVERSION = YES;
				GCC_WARN_ABOUT_RETURN_TYPE = YES_ERROR;
				GCC_WARN_UNDECLARED_SELECTOR = YES;
				GCC_WARN_UNINITIALIZED_AUTOS = YES_AGGRESSIVE;
				GCC_WARN_UNUSED_FUNCTION = YES;
				GCC_WARN_UNUSED_VARIABLE = YES;
				IPHONEOS_DEPLOYMENT_TARGET = 8.4;
				MTL_ENABLE_DEBUG_INFO = NO;
				SDKROOT = iphoneos;
				TARGETED_DEVICE_FAMILY = "1,2";
				VALIDATE_PRODUCT = YES;
			};
			name = Release;
		};
		D658D0E31B6C75580097FC0D /* Debug */ = {
			isa = XCBuildConfiguration;
			buildSettings = {
				ASSETCATALOG_COMPILER_APPICON_NAME = AppIcon;
				GCC_PREFIX_HEADER = QiPinCheClient/PrefixHeader.pch;
				INFOPLIST_FILE = QiPinCheClient/Info.plist;
				LD_RUNPATH_SEARCH_PATHS = "$(inherited) @executable_path/Frameworks";
				PRODUCT_NAME = "$(TARGET_NAME)";
			};
			name = Debug;
		};
		D658D0E41B6C75580097FC0D /* Release */ = {
			isa = XCBuildConfiguration;
			buildSettings = {
				ASSETCATALOG_COMPILER_APPICON_NAME = AppIcon;
				GCC_PREFIX_HEADER = QiPinCheClient/PrefixHeader.pch;
				INFOPLIST_FILE = QiPinCheClient/Info.plist;
				LD_RUNPATH_SEARCH_PATHS = "$(inherited) @executable_path/Frameworks";
				PRODUCT_NAME = "$(TARGET_NAME)";
			};
			name = Release;
		};
		D658D0E61B6C75580097FC0D /* Debug */ = {
			isa = XCBuildConfiguration;
			buildSettings = {
				BUNDLE_LOADER = "$(TEST_HOST)";
				FRAMEWORK_SEARCH_PATHS = (
					"$(SDKROOT)/Developer/Library/Frameworks",
					"$(inherited)",
				);
				GCC_PREPROCESSOR_DEFINITIONS = (
					"DEBUG=1",
					"$(inherited)",
				);
				INFOPLIST_FILE = QiPinCheClientTests/Info.plist;
				LD_RUNPATH_SEARCH_PATHS = "$(inherited) @executable_path/Frameworks @loader_path/Frameworks";
				PRODUCT_NAME = "$(TARGET_NAME)";
				TEST_HOST = "$(BUILT_PRODUCTS_DIR)/QiPinCheClient.app/QiPinCheClient";
			};
			name = Debug;
		};
		D658D0E71B6C75580097FC0D /* Release */ = {
			isa = XCBuildConfiguration;
			buildSettings = {
				BUNDLE_LOADER = "$(TEST_HOST)";
				FRAMEWORK_SEARCH_PATHS = (
					"$(SDKROOT)/Developer/Library/Frameworks",
					"$(inherited)",
				);
				INFOPLIST_FILE = QiPinCheClientTests/Info.plist;
				LD_RUNPATH_SEARCH_PATHS = "$(inherited) @executable_path/Frameworks @loader_path/Frameworks";
				PRODUCT_NAME = "$(TARGET_NAME)";
				TEST_HOST = "$(BUILT_PRODUCTS_DIR)/QiPinCheClient.app/QiPinCheClient";
			};
			name = Release;
		};
/* End XCBuildConfiguration section */

/* Begin XCConfigurationList section */
		D658D0B71B6C75580097FC0D /* Build configuration list for PBXProject "QiPinCheClient" */ = {
			isa = XCConfigurationList;
			buildConfigurations = (
				D658D0E01B6C75580097FC0D /* Debug */,
				D658D0E11B6C75580097FC0D /* Release */,
			);
			defaultConfigurationIsVisible = 0;
			defaultConfigurationName = Release;
		};
		D658D0E21B6C75580097FC0D /* Build configuration list for PBXNativeTarget "QiPinCheClient" */ = {
			isa = XCConfigurationList;
			buildConfigurations = (
				D658D0E31B6C75580097FC0D /* Debug */,
				D658D0E41B6C75580097FC0D /* Release */,
			);
			defaultConfigurationIsVisible = 0;
			defaultConfigurationName = Release;
		};
		D658D0E51B6C75580097FC0D /* Build configuration list for PBXNativeTarget "QiPinCheClientTests" */ = {
			isa = XCConfigurationList;
			buildConfigurations = (
				D658D0E61B6C75580097FC0D /* Debug */,
				D658D0E71B6C75580097FC0D /* Release */,
			);
			defaultConfigurationIsVisible = 0;
			defaultConfigurationName = Release;
		};
/* End XCConfigurationList section */
	};
	rootObject = D658D0B41B6C75580097FC0D /* Project object */;
}
