// !$*UTF8*$!
{
	archiveVersion = 1;
	classes = {
	};
	objectVersion = 46;
	objects = {

/* Begin PBXBuildFile section */
		D658D0C21B6C75580097FC0D /* main.m in Sources */ = {isa = PBXBuildFile; fileRef = D658D0C11B6C75580097FC0D /* main.m */; };
		D658D0C51B6C75580097FC0D /* AppDelegate.m in Sources */ = {isa = PBXBuildFile; fileRef = D658D0C41B6C75580097FC0D /* AppDelegate.m */; };
		D658D0C81B6C75580097FC0D /* FirstViewController.m in Sources */ = {isa = PBXBuildFile; fileRef = D658D0C71B6C75580097FC0D /* FirstViewController.m */; };
		D658D0CB1B6C75580097FC0D /* SecondViewController.m in Sources */ = {isa = PBXBuildFile; fileRef = D658D0CA1B6C75580097FC0D /* SecondViewController.m */; };
		D658D0CE1B6C75580097FC0D /* Main.storyboard in Resources */ = {isa = PBXBuildFile; fileRef = D658D0CC1B6C75580097FC0D /* Main.storyboard */; };
		D658D0D01B6C75580097FC0D /* Images.xcassets in Resources */ = {isa = PBXBuildFile; fileRef = D658D0CF1B6C75580097FC0D /* Images.xcassets */; };
		D658D0D31B6C75580097FC0D /* LaunchScreen.xib in Resources */ = {isa = PBXBuildFile; fileRef = D658D0D11B6C75580097FC0D /* LaunchScreen.xib */; };
		D658D0DF1B6C75580097FC0D /* QiPinCheClientTests.m in Sources */ = {isa = PBXBuildFile; fileRef = D658D0DE1B6C75580097FC0D /* QiPinCheClientTests.m */; };
/* End PBXBuildFile section */

/* Begin PBXContainerItemProxy section */
		D658D0D91B6C75580097FC0D /* PBXContainerItemProxy */ = {
			isa = PBXContainerItemProxy;
			containerPortal = D658D0B41B6C75580097FC0D /* Project object */;
			proxyType = 1;
			remoteGlobalIDString = D658D0BB1B6C75580097FC0D;
			remoteInfo = QiPinCheClient;
		};
/* End PBXContainerItemProxy section */

/* Begin PBXFileReference section */
		D658D0BC1B6C75580097FC0D /* QiPinCheClient.app */ = {isa = PBXFileReference; explicitFileType = wrapper.application; includeInIndex = 0; path = QiPinCheClient.app; sourceTree = BUILT_PRODUCTS_DIR; };
		D658D0C01B6C75580097FC0D /* Info.plist */ = {isa = PBXFileReference; lastKnownFileType = text.plist.xml; path = Info.plist; sourceTree = "<group>"; };
		D658D0C11B6C75580097FC0D /* main.m */ = {isa = PBXFileReference; lastKnownFileType = sourcecode.c.objc; path = main.m; sourceTree = "<group>"; };
		D658D0C31B6C75580097FC0D /* AppDelegate.h */ = {isa = PBXFileReference; lastKnownFileType = sourcecode.c.h; path = AppDelegate.h; sourceTree = "<group>"; };
		D658D0C41B6C75580097FC0D /* AppDelegate.m */ = {isa = PBXFileReference; lastKnownFileType = sourcecode.c.objc; path = AppDelegate.m; sourceTree = "<group>"; };
		D658D0C61B6C75580097FC0D /* FirstViewController.h */ = {isa = PBXFileReference; lastKnownFileType = sourcecode.c.h; path = FirstViewController.h; sourceTree = "<group>"; };
		D658D0C71B6C75580097FC0D /* FirstViewController.m */ = {isa = PBXFileReference; lastKnownFileType = sourcecode.c.objc; path = FirstViewController.m; sourceTree = "<group>"; };
		D658D0C91B6C75580097FC0D /* SecondViewController.h */ = {isa = PBXFileReference; lastKnownFileType = sourcecode.c.h; path = SecondViewController.h; sourceTree = "<group>"; };
		D658D0CA1B6C75580097FC0D /* SecondViewController.m */ = {isa = PBXFileReference; lastKnownFileType = sourcecode.c.objc; path = SecondViewController.m; sourceTree = "<group>"; };
		D658D0CD1B6C75580097FC0D /* Base */ = {isa = PBXFileReference; lastKnownFileType = file.storyboard; name = Base; path = Base.lproj/Main.storyboard; sourceTree = "<group>"; };
		D658D0CF1B6C75580097FC0D /* Images.xcassets */ = {isa = PBXFileReference; lastKnownFileType = folder.assetcatalog; path = Images.xcassets; sourceTree = "<group>"; };
		D658D0D21B6C75580097FC0D /* Base */ = {isa = PBXFileReference; lastKnownFileType = file.xib; name = Base; path = Base.lproj/LaunchScreen.xib; sourceTree = "<group>"; };
		D658D0D81B6C75580097FC0D /* QiPinCheClientTests.xctest */ = {isa = PBXFileReference; explicitFileType = wrapper.cfbundle; includeInIndex = 0; path = QiPinCheClientTests.xctest; sourceTree = BUILT_PRODUCTS_DIR; };
		D658D0DD1B6C75580097FC0D /* Info.plist */ = {isa = PBXFileReference; lastKnownFileType = text.plist.xml; path = Info.plist; sourceTree = "<group>"; };
		D658D0DE1B6C75580097FC0D /* QiPinCheClientTests.m */ = {isa = PBXFileReference; lastKnownFileType = sourcecode.c.objc; path = QiPinCheClientTests.m; sourceTree = "<group>"; };
/* End PBXFileReference section */

/* Begin PBXFrameworksBuildPhase section */
		D658D0B91B6C75580097FC0D /* Frameworks */ = {
			isa = PBXFrameworksBuildPhase;
			buildActionMask = 2147483647;
			files = (
			);
			runOnlyForDeploymentPostprocessing = 0;
		};
		D658D0D51B6C75580097FC0D /* Frameworks */ = {
			isa = PBXFrameworksBuildPhase;
			buildActionMask = 2147483647;
			files = (
			);
			runOnlyForDeploymentPostprocessing = 0;
		};
/* End PBXFrameworksBuildPhase section */

/* Begin PBXGroup section */
		D658D0B31B6C75580097FC0D = {
			isa = PBXGroup;
			children = (
				D658D0BE1B6C75580097FC0D /* QiPinCheClient */,
				D658D0DB1B6C75580097FC0D /* QiPinCheClientTests */,
				D658D0BD1B6C75580097FC0D /* Products */,
			);
			sourceTree = "<group>";
		};
		D658D0BD1B6C75580097FC0D /* Products */ = {
			isa = PBXGroup;
			children = (
				D658D0BC1B6C75580097FC0D /* QiPinCheClient.app */,
				D658D0D81B6C75580097FC0D /* QiPinCheClientTests.xctest */,
			);
			name = Products;
			sourceTree = "<group>";
		};
		D658D0BE1B6C75580097FC0D /* QiPinCheClient */ = {
			isa = PBXGroup;
			children = (
				D658D0C31B6C75580097FC0D /* AppDelegate.h */,
				D658D0C41B6C75580097FC0D /* AppDelegate.m */,
				D658D0C61B6C75580097FC0D /* FirstViewController.h */,
				D658D0C71B6C75580097FC0D /* FirstViewController.m */,
				D658D0C91B6C75580097FC0D /* SecondViewController.h */,
				D658D0CA1B6C75580097FC0D /* SecondViewController.m */,
				D658D0CC1B6C75580097FC0D /* Main.storyboard */,
				D658D0CF1B6C75580097FC0D /* Images.xcassets */,
				D658D0D11B6C75580097FC0D /* LaunchScreen.xib */,
				D658D0BF1B6C75580097FC0D /* Supporting Files */,
			);
			path = QiPinCheClient;
			sourceTree = "<group>";
		};
		D658D0BF1B6C75580097FC0D /* Supporting Files */ = {
			isa = PBXGroup;
			children = (
				D658D0C01B6C75580097FC0D /* Info.plist */,
				D658D0C11B6C75580097FC0D /* main.m */,
			);
			name = "Supporting Files";
			sourceTree = "<group>";
		};
		D658D0DB1B6C75580097FC0D /* QiPinCheClientTests */ = {
			isa = PBXGroup;
			children = (
				D658D0DE1B6C75580097FC0D /* QiPinCheClientTests.m */,
				D658D0DC1B6C75580097FC0D /* Supporting Files */,
			);
			path = QiPinCheClientTests;
			sourceTree = "<group>";
		};
		D658D0DC1B6C75580097FC0D /* Supporting Files */ = {
			isa = PBXGroup;
			children = (
				D658D0DD1B6C75580097FC0D /* Info.plist */,
			);
			name = "Supporting Files";
			sourceTree = "<group>";
		};
/* End PBXGroup section */

/* Begin PBXNativeTarget section */
		D658D0BB1B6C75580097FC0D /* QiPinCheClient */ = {
			isa = PBXNativeTarget;
			buildConfigurationList = D658D0E21B6C75580097FC0D /* Build configuration list for PBXNativeTarget "QiPinCheClient" */;
			buildPhases = (
				D658D0B81B6C75580097FC0D /* Sources */,
				D658D0B91B6C75580097FC0D /* Frameworks */,
				D658D0BA1B6C75580097FC0D /* Resources */,
			);
			buildRules = (
			);
			dependencies = (
			);
			name = QiPinCheClient;
			productName = QiPinCheClient;
			productReference = D658D0BC1B6C75580097FC0D /* QiPinCheClient.app */;
			productType = "com.apple.product-type.application";
		};
		D658D0D71B6C75580097FC0D /* QiPinCheClientTests */ = {
			isa = PBXNativeTarget;
			buildConfigurationList = D658D0E51B6C75580097FC0D /* Build configuration list for PBXNativeTarget "QiPinCheClientTests" */;
			buildPhases = (
				D658D0D41B6C75580097FC0D /* Sources */,
				D658D0D51B6C75580097FC0D /* Frameworks */,
				D658D0D61B6C75580097FC0D /* Resources */,
			);
			buildRules = (
			);
			dependencies = (
				D658D0DA1B6C75580097FC0D /* PBXTargetDependency */,
			);
			name = QiPinCheClientTests;
			productName = QiPinCheClientTests;
			productReference = D658D0D81B6C75580097FC0D /* QiPinCheClientTests.xctest */;
			productType = "com.apple.product-type.bundle.unit-test";
		};
/* End PBXNativeTarget section */

/* Begin PBXProject section */
		D658D0B41B6C75580097FC0D /* Project object */ = {
			isa = PBXProject;
			attributes = {
				LastUpgradeCheck = 0640;
				ORGANIZATIONNAME = QiPinChe;
				TargetAttributes = {
					D658D0BB1B6C75580097FC0D = {
						CreatedOnToolsVersion = 6.4;
					};
					D658D0D71B6C75580097FC0D = {
						CreatedOnToolsVersion = 6.4;
						TestTargetID = D658D0BB1B6C75580097FC0D;
					};
				};
			};
			buildConfigurationList = D658D0B71B6C75580097FC0D /* Build configuration list for PBXProject "QiPinCheClient" */;
			compatibilityVersion = "Xcode 3.2";
			developmentRegion = English;
			hasScannedForEncodings = 0;
			knownRegions = (
				en,
				Base,
			);
			mainGroup = D658D0B31B6C75580097FC0D;
			productRefGroup = D658D0BD1B6C75580097FC0D /* Products */;
			projectDirPath = "";
			projectRoot = "";
			targets = (
				D658D0BB1B6C75580097FC0D /* QiPinCheClient */,
				D658D0D71B6C75580097FC0D /* QiPinCheClientTests */,
			);
		};
/* End PBXProject section */

/* Begin PBXResourcesBuildPhase section */
		D658D0BA1B6C75580097FC0D /* Resources */ = {
			isa = PBXResourcesBuildPhase;
			buildActionMask = 2147483647;
			files = (
				D658D0CE1B6C75580097FC0D /* Main.storyboard in Resources */,
				D658D0D31B6C75580097FC0D /* LaunchScreen.xib in Resources */,
				D658D0D01B6C75580097FC0D /* Images.xcassets in Resources */,
			);
			runOnlyForDeploymentPostprocessing = 0;
		};
		D658D0D61B6C75580097FC0D /* Resources */ = {
			isa = PBXResourcesBuildPhase;
			buildActionMask = 2147483647;
			files = (
			);
			runOnlyForDeploymentPostprocessing = 0;
		};
/* End PBXResourcesBuildPhase section */

/* Begin PBXSourcesBuildPhase section */
		D658D0B81B6C75580097FC0D /* Sources */ = {
			isa = PBXSourcesBuildPhase;
			buildActionMask = 2147483647;
			files = (
				D658D0CB1B6C75580097FC0D /* SecondViewController.m in Sources */,
				D658D0C51B6C75580097FC0D /* AppDelegate.m in Sources */,
				D658D0C81B6C75580097FC0D /* FirstViewController.m in Sources */,
				D658D0C21B6C75580097FC0D /* main.m in Sources */,
			);
			runOnlyForDeploymentPostprocessing = 0;
		};
		D658D0D41B6C75580097FC0D /* Sources */ = {
			isa = PBXSourcesBuildPhase;
			buildActionMask = 2147483647;
			files = (
				D658D0DF1B6C75580097FC0D /* QiPinCheClientTests.m in Sources */,
			);
			runOnlyForDeploymentPostprocessing = 0;
		};
/* End PBXSourcesBuildPhase section */

/* Begin PBXTargetDependency section */
		D658D0DA1B6C75580097FC0D /* PBXTargetDependency */ = {
			isa = PBXTargetDependency;
			target = D658D0BB1B6C75580097FC0D /* QiPinCheClient */;
			targetProxy = D658D0D91B6C75580097FC0D /* PBXContainerItemProxy */;
		};
/* End PBXTargetDependency section */

/* Begin PBXVariantGroup section */
		D658D0CC1B6C75580097FC0D /* Main.storyboard */ = {
			isa = PBXVariantGroup;
			children = (
				D658D0CD1B6C75580097FC0D /* Base */,
			);
			name = Main.storyboard;
			sourceTree = "<group>";
		};
		D658D0D11B6C75580097FC0D /* LaunchScreen.xib */ = {
			isa = PBXVariantGroup;
			children = (
				D658D0D21B6C75580097FC0D /* Base */,
			);
			name = LaunchScreen.xib;
			sourceTree = "<group>";
		};
/* End PBXVariantGroup section */

/* Begin XCBuildConfiguration section */
		D658D0E01B6C75580097FC0D /* Debug */ = {
			isa = XCBuildConfiguration;
			buildSettings = {
				ALWAYS_SEARCH_USER_PATHS = NO;
				CLANG_CXX_LANGUAGE_STANDARD = "gnu++0x";
				CLANG_CXX_LIBRARY = "libc++";
				CLANG_ENABLE_MODULES = YES;
				CLANG_ENABLE_OBJC_ARC = YES;
				CLANG_WARN_BOOL_CONVERSION = YES;
				CLANG_WARN_CONSTANT_CONVERSION = YES;
				CLANG_WARN_DIRECT_OBJC_ISA_USAGE = YES_ERROR;
				CLANG_WARN_EMPTY_BODY = YES;
				CLANG_WARN_ENUM_CONVERSION = YES;
				CLANG_WARN_INT_CONVERSION = YES;
				CLANG_WARN_OBJC_ROOT_CLASS = YES_ERROR;
				CLANG_WARN_UNREACHABLE_CODE = YES;
				CLANG_WARN__DUPLICATE_METHOD_MATCH = YES;
				"CODE_SIGN_IDENTITY[sdk=iphoneos*]" = "iPhone Developer";
				COPY_PHASE_STRIP = NO;
				DEBUG_INFORMATION_FORMAT = "dwarf-with-dsym";
				ENABLE_STRICT_OBJC_MSGSEND = YES;
				GCC_C_LANGUAGE_STANDARD = gnu99;
				GCC_DYNAMIC_NO_PIC = NO;
				GCC_NO_COMMON_BLOCKS = YES;
				GCC_OPTIMIZATION_LEVEL = 0;
				GCC_PREPROCESSOR_DEFINITIONS = (
					"DEBUG=1",
					"$(inherited)",
				);
				GCC_SYMBOLS_PRIVATE_EXTERN = NO;
				GCC_WARN_64_TO_32_BIT_CONVERSION = YES;
				GCC_WARN_ABOUT_RETURN_TYPE = YES_ERROR;
				GCC_WARN_UNDECLARED_SELECTOR = YES;
				GCC_WARN_UNINITIALIZED_AUTOS = YES_AGGRESSIVE;
				GCC_WARN_UNUSED_FUNCTION = YES;
				GCC_WARN_UNUSED_VARIABLE = YES;
				IPHONEOS_DEPLOYMENT_TARGET = 8.4;
				MTL_ENABLE_DEBUG_INFO = YES;
				ONLY_ACTIVE_ARCH = YES;
				SDKROOT = iphoneos;
				TARGETED_DEVICE_FAMILY = "1,2";
			};
			name = Debug;
		};
		D658D0E11B6C75580097FC0D /* Release */ = {
			isa = XCBuildConfiguration;
			buildSettings = {
				ALWAYS_SEARCH_USER_PATHS = NO;
				CLANG_CXX_LANGUAGE_STANDARD = "gnu++0x";
				CLANG_CXX_LIBRARY = "libc++";
				CLANG_ENABLE_MODULES = YES;
				CLANG_ENABLE_OBJC_ARC = YES;
				CLANG_WARN_BOOL_CONVERSION = YES;
				CLANG_WARN_CONSTANT_CONVERSION = YES;
				CLANG_WARN_DIRECT_OBJC_ISA_USAGE = YES_ERROR;
				CLANG_WARN_EMPTY_BODY = YES;
				CLANG_WARN_ENUM_CONVERSION = YES;
				CLANG_WARN_INT_CONVERSION = YES;
				CLANG_WARN_OBJC_ROOT_CLASS = YES_ERROR;
				CLANG_WARN_UNREACHABLE_CODE = YES;
				CLANG_WARN__DUPLICATE_METHOD_MATCH = YES;
				"CODE_SIGN_IDENTITY[sdk=iphoneos*]" = "iPhone Developer";
				COPY_PHASE_STRIP = NO;
				DEBUG_INFORMATION_FORMAT = "dwarf-with-dsym";
				ENABLE_NS_ASSERTIONS = NO;
				ENABLE_STRICT_OBJC_MSGSEND = YES;
				GCC_C_LANGUAGE_STANDARD = gnu99;
				GCC_NO_COMMON_BLOCKS = YES;
				GCC_WARN_64_TO_32_BIT_CONVERSION = YES;
				GCC_WARN_ABOUT_RETURN_TYPE = YES_ERROR;
				GCC_WARN_UNDECLARED_SELECTOR = YES;
				GCC_WARN_UNINITIALIZED_AUTOS = YES_AGGRESSIVE;
				GCC_WARN_UNUSED_FUNCTION = YES;
				GCC_WARN_UNUSED_VARIABLE = YES;
				IPHONEOS_DEPLOYMENT_TARGET = 8.4;
				MTL_ENABLE_DEBUG_INFO = NO;
				SDKROOT = iphoneos;
				TARGETED_DEVICE_FAMILY = "1,2";
				VALIDATE_PRODUCT = YES;
			};
			name = Release;
		};
		D658D0E31B6C75580097FC0D /* Debug */ = {
			isa = XCBuildConfiguration;
			buildSettings = {
				ASSETCATALOG_COMPILER_APPICON_NAME = AppIcon;
				INFOPLIST_FILE = QiPinCheClient/Info.plist;
				LD_RUNPATH_SEARCH_PATHS = "$(inherited) @executable_path/Frameworks";
				PRODUCT_NAME = "$(TARGET_NAME)";
			};
			name = Debug;
		};
		D658D0E41B6C75580097FC0D /* Release */ = {
			isa = XCBuildConfiguration;
			buildSettings = {
				ASSETCATALOG_COMPILER_APPICON_NAME = AppIcon;
				INFOPLIST_FILE = QiPinCheClient/Info.plist;
				LD_RUNPATH_SEARCH_PATHS = "$(inherited) @executable_path/Frameworks";
				PRODUCT_NAME = "$(TARGET_NAME)";
			};
			name = Release;
		};
		D658D0E61B6C75580097FC0D /* Debug */ = {
			isa = XCBuildConfiguration;
			buildSettings = {
				BUNDLE_LOADER = "$(TEST_HOST)";
				FRAMEWORK_SEARCH_PATHS = (
					"$(SDKROOT)/Developer/Library/Frameworks",
					"$(inherited)",
				);
				GCC_PREPROCESSOR_DEFINITIONS = (
					"DEBUG=1",
					"$(inherited)",
				);
				INFOPLIST_FILE = QiPinCheClientTests/Info.plist;
				LD_RUNPATH_SEARCH_PATHS = "$(inherited) @executable_path/Frameworks @loader_path/Frameworks";
				PRODUCT_NAME = "$(TARGET_NAME)";
				TEST_HOST = "$(BUILT_PRODUCTS_DIR)/QiPinCheClient.app/QiPinCheClient";
			};
			name = Debug;
		};
		D658D0E71B6C75580097FC0D /* Release */ = {
			isa = XCBuildConfiguration;
			buildSettings = {
				BUNDLE_LOADER = "$(TEST_HOST)";
				FRAMEWORK_SEARCH_PATHS = (
					"$(SDKROOT)/Developer/Library/Frameworks",
					"$(inherited)",
				);
				INFOPLIST_FILE = QiPinCheClientTests/Info.plist;
				LD_RUNPATH_SEARCH_PATHS = "$(inherited) @executable_path/Frameworks @loader_path/Frameworks";
				PRODUCT_NAME = "$(TARGET_NAME)";
				TEST_HOST = "$(BUILT_PRODUCTS_DIR)/QiPinCheClient.app/QiPinCheClient";
			};
			name = Release;
		};
/* End XCBuildConfiguration section */

/* Begin XCConfigurationList section */
		D658D0B71B6C75580097FC0D /* Build configuration list for PBXProject "QiPinCheClient" */ = {
			isa = XCConfigurationList;
			buildConfigurations = (
				D658D0E01B6C75580097FC0D /* Debug */,
				D658D0E11B6C75580097FC0D /* Release */,
			);
			defaultConfigurationIsVisible = 0;
			defaultConfigurationName = Release;
		};
		D658D0E21B6C75580097FC0D /* Build configuration list for PBXNativeTarget "QiPinCheClient" */ = {
			isa = XCConfigurationList;
			buildConfigurations = (
				D658D0E31B6C75580097FC0D /* Debug */,
				D658D0E41B6C75580097FC0D /* Release */,
			);
			defaultConfigurationIsVisible = 0;
		};
		D658D0E51B6C75580097FC0D /* Build configuration list for PBXNativeTarget "QiPinCheClientTests" */ = {
			isa = XCConfigurationList;
			buildConfigurations = (
				D658D0E61B6C75580097FC0D /* Debug */,
				D658D0E71B6C75580097FC0D /* Release */,
			);
			defaultConfigurationIsVisible = 0;
		};
/* End XCConfigurationList section */
	};
	rootObject = D658D0B41B6C75580097FC0D /* Project object */;
}
